<?xml version="1.0" encoding="utf-8"?>
<Project ToolsVersion="4.0" xmlns="http://schemas.microsoft.com/developer/msbuild/2003">
  <ItemGroup>
    <Filter Include="Source Files">
      <UniqueIdentifier>{4FC737F1-C7A5-4376-A066-2A32D752A2FF}</UniqueIdentifier>
      <Extensions>cpp;c;cc;cxx;c++;cppm;ixx;def;odl;idl;hpj;bat;asm;asmx</Extensions>
    </Filter>
    <Filter Include="Header File">
      <UniqueIdentifier>{9a596087-d809-4af4-9edc-02c047db2339}</UniqueIdentifier>
    </Filter>
    <Filter Include="WinMain">
      <UniqueIdentifier>{6fffedec-2444-41f3-8d7c-87c71435e979}</UniqueIdentifier>
    </Filter>
  </ItemGroup>
  <ItemGroup>
    <ClCompile Include="Framework\src\Window.cpp">
      <Filter>Source Files</Filter>
    </ClCompile>
    <ClCompile Include="D3DGraphic\src\Graphics.cpp">
      <Filter>Source Files</Filter>
    </ClCompile>
    <ClCompile Include="Misc\src\AntiException.cpp">
      <Filter>Source Files</Filter>
    </ClCompile>
    <ClCompile Include="App\src\App.cpp">
      <Filter>Source Files</Filter>
    </ClCompile>
    <ClCompile Include="WinMain.cpp">
      <Filter>WinMain</Filter>
    </ClCompile>
  </ItemGroup>
  <ItemGroup>
    <ClInclude Include="Misc\include\AntiException.h">
      <Filter>Header File</Filter>
    </ClInclude>
    <ClInclude Include="D3DGraphic\include\Graphics.h">
      <Filter>Header File</Filter>
    </ClInclude>
    <ClInclude Include="Framework\include\Window.h">
      <Filter>Header File</Filter>
    </ClInclude>
    <ClInclude Include="App\include\App.h">
      <Filter>Header File</Filter>
    </ClInclude>
  </ItemGroup>
</Project>