
Microsoft Visual Studio Solution File, Format Version 12.00
# Visual Studio Version 17
VisualStudioVersion = 17.11.35222.181
MinimumVisualStudioVersion = 10.0.40219.1
Project("{8BC9CEB8-8B4A-11D0-8D11-00A0C91BC942}") = "Graphic", "Graphic.vcxproj", "{56CB0BA1-1A4D-4C7A-9A22-964ACE25FE9E}"
EndProject
Global
	GlobalSection(SolutionConfigurationPlatforms) = preSolution
		Debug|x64 = Debug|x64
		Debug|x86 = Debug|x86
		Release|x64 = Release|x64
		Release|x86 = Release|x86
	EndGlobalSection
	GlobalSection(ProjectConfigurationPlatforms) = postSolution
		{56CB0BA1-1A4D-4C7A-9A22-964ACE25FE9E}.Debug|x64.ActiveCfg = Debug|x64
		{56CB0BA1-1A4D-4C7A-9A22-964ACE25FE9E}.Debug|x64.Build.0 = Debug|x64
		{56CB0BA1-1A4D-4C7A-9A22-964ACE25FE9E}.Debug|x86.ActiveCfg = Debug|Win32
		{56CB0BA1-1A4D-4C7A-9A22-964ACE25FE9E}.Debug|x86.Build.0 = Debug|Win32
		{56CB0BA1-1A4D-4C7A-9A22-964ACE25FE9E}.Release|x64.ActiveCfg = Release|x64
		{56CB0BA1-1A4D-4C7A-9A22-964ACE25FE9E}.Release|x64.Build.0 = Release|x64
		{56CB0BA1-1A4D-4C7A-9A22-964ACE25FE9E}.Release|x86.ActiveCfg = Release|Win32
		{56CB0BA1-1A4D-4C7A-9A22-964ACE25FE9E}.Release|x86.Build.0 = Release|Win32
	EndGlobalSection
	GlobalSection(SolutionProperties) = preSolution
		HideSolutionNode = FALSE
	EndGlobalSection
	GlobalSection(ExtensibilityGlobals) = postSolution
		SolutionGuid = {9529B4F2-8A59-4EF3-A7D7-4545F2061671}
	EndGlobalSection
EndGlobal
